
Microsoft Visual Studio Solution File, Format Version 12.00
# Visual Studio Version 17
VisualStudioVersion = 17.2.32505.173
MinimumVisualStudioVersion = 10.0.40219.1
Project("{9A19103F-16F7-4668-BE54-9A1E7A4F7556}") = "UltimatR", "UltimatR\UltimatR.csproj", "{BA63F99B-0C3C-4BCE-8E36-4CBB93E4F4F5}"
EndProject
Project("{9A19103F-16F7-4668-BE54-9A1E7A4F7556}") = "UltimatR.Tests", "UltimatR.Tests\UltimatR.Tests.csproj", "{59C7D0D7-6874-46CC-AF49-674FCDDCCFC0}"
EndProject
Project("{9A19103F-16F7-4668-BE54-9A1E7A4F7556}") = "UltimatR.Benchmarks", "UltimatR.Benchmarks\UltimatR.Benchmarks.csproj", "{74F36DA1-7FB4-4041-A951-3CFD4762E776}"
EndProject
Global
	GlobalSection(SolutionConfigurationPlatforms) = preSolution
		Debug|Any CPU = Debug|Any CPU
		Release|Any CPU = Release|Any CPU
	EndGlobalSection
	GlobalSection(ProjectConfigurationPlatforms) = postSolution
		{BA63F99B-0C3C-4BCE-8E36-4CBB93E4F4F5}.Debug|Any CPU.ActiveCfg = Debug|Any CPU
		{BA63F99B-0C3C-4BCE-8E36-4CBB93E4F4F5}.Debug|Any CPU.Build.0 = Debug|Any CPU
		{BA63F99B-0C3C-4BCE-8E36-4CBB93E4F4F5}.Release|Any CPU.ActiveCfg = Release|Any CPU
		{BA63F99B-0C3C-4BCE-8E36-4CBB93E4F4F5}.Release|Any CPU.Build.0 = Release|Any CPU
		{59C7D0D7-6874-46CC-AF49-674FCDDCCFC0}.Debug|Any CPU.ActiveCfg = Debug|Any CPU
		{59C7D0D7-6874-46CC-AF49-674FCDDCCFC0}.Debug|Any CPU.Build.0 = Debug|Any CPU
		{59C7D0D7-6874-46CC-AF49-674FCDDCCFC0}.Release|Any CPU.ActiveCfg = Release|Any CPU
		{59C7D0D7-6874-46CC-AF49-674FCDDCCFC0}.Release|Any CPU.Build.0 = Release|Any CPU
		{74F36DA1-7FB4-4041-A951-3CFD4762E776}.Debug|Any CPU.ActiveCfg = Debug|Any CPU
		{74F36DA1-7FB4-4041-A951-3CFD4762E776}.Debug|Any CPU.Build.0 = Debug|Any CPU
		{74F36DA1-7FB4-4041-A951-3CFD4762E776}.Release|Any CPU.ActiveCfg = Release|Any CPU
		{74F36DA1-7FB4-4041-A951-3CFD4762E776}.Release|Any CPU.Build.0 = Release|Any CPU
	EndGlobalSection
	GlobalSection(SolutionProperties) = preSolution
		HideSolutionNode = FALSE
	EndGlobalSection
	GlobalSection(ExtensibilityGlobals) = postSolution
		SolutionGuid = {FAD54A27-13E1-439C-B144-DF6EA755539F}
	EndGlobalSection
EndGlobal
